
Microsoft Visual Studio Solution File, Format Version 12.00
# Visual Studio Version 17
VisualStudioVersion = 17.0.31903.59
MinimumVisualStudioVersion = 10.0.40219.1
Project("{FAE04EC0-301F-11D3-BF4B-00C04F79EFBC}") = "ZapiCli.Keychain", "ZapiCli.Keychain\ZapiCli.Keychain.csproj", "{8EDF3599-CCDF-495C-B3A0-7F63955CCBF3}"
EndProject
Project("{FAE04EC0-301F-11D3-BF4B-00C04F79EFBC}") = "ZapiCli.Core", "ZapiCli.Core\ZapiCli.Core.csproj", "{A6F0B55D-4434-4EEA-80DE-C10E37CB0B95}"
EndProject
Project("{FAE04EC0-301F-11D3-BF4B-00C04F79EFBC}") = "ZapiCli", "ZapiCli\ZapiCli.csproj", "{3DF6FFA9-8D9A-4E6C-9EB1-2255CB3FCF4C}"
EndProject
Project("{FAE04EC0-301F-11D3-BF4B-00C04F79EFBC}") = "ZapiCli.Tests", "..\tests\ZapiCli.Tests\ZapiCli.Tests.csproj", "{AF6FC203-E490-45F1-8B9F-2B7910D6C0C0}"
EndProject
Global
	GlobalSection(SolutionConfigurationPlatforms) = preSolution
		Debug|Any CPU = Debug|Any CPU
		Debug|x64 = Debug|x64
		Debug|x86 = Debug|x86
		Release|Any CPU = Release|Any CPU
		Release|x64 = Release|x64
		Release|x86 = Release|x86
	EndGlobalSection
	GlobalSection(ProjectConfigurationPlatforms) = postSolution
		{8EDF3599-CCDF-495C-B3A0-7F63955CCBF3}.Debug|Any CPU.ActiveCfg = Debug|Any CPU
		{8EDF3599-CCDF-495C-B3A0-7F63955CCBF3}.Debug|Any CPU.Build.0 = Debug|Any CPU
		{8EDF3599-CCDF-495C-B3A0-7F63955CCBF3}.Debug|x64.ActiveCfg = Debug|Any CPU
		{8EDF3599-CCDF-495C-B3A0-7F63955CCBF3}.Debug|x64.Build.0 = Debug|Any CPU
		{8EDF3599-CCDF-495C-B3A0-7F63955CCBF3}.Debug|x86.ActiveCfg = Debug|Any CPU
		{8EDF3599-CCDF-495C-B3A0-7F63955CCBF3}.Debug|x86.Build.0 = Debug|Any CPU
		{8EDF3599-CCDF-495C-B3A0-7F63955CCBF3}.Release|Any CPU.ActiveCfg = Release|Any CPU
		{8EDF3599-CCDF-495C-B3A0-7F63955CCBF3}.Release|Any CPU.Build.0 = Release|Any CPU
		{8EDF3599-CCDF-495C-B3A0-7F63955CCBF3}.Release|x64.ActiveCfg = Release|Any CPU
		{8EDF3599-CCDF-495C-B3A0-7F63955CCBF3}.Release|x64.Build.0 = Release|Any CPU
		{8EDF3599-CCDF-495C-B3A0-7F63955CCBF3}.Release|x86.ActiveCfg = Release|Any CPU
		{8EDF3599-CCDF-495C-B3A0-7F63955CCBF3}.Release|x86.Build.0 = Release|Any CPU
		{A6F0B55D-4434-4EEA-80DE-C10E37CB0B95}.Debug|Any CPU.ActiveCfg = Debug|Any CPU
		{A6F0B55D-4434-4EEA-80DE-C10E37CB0B95}.Debug|Any CPU.Build.0 = Debug|Any CPU
		{A6F0B55D-4434-4EEA-80DE-C10E37CB0B95}.Debug|x64.ActiveCfg = Debug|Any CPU
		{A6F0B55D-4434-4EEA-80DE-C10E37CB0B95}.Debug|x64.Build.0 = Debug|Any CPU
		{A6F0B55D-4434-4EEA-80DE-C10E37CB0B95}.Debug|x86.ActiveCfg = Debug|Any CPU
		{A6F0B55D-4434-4EEA-80DE-C10E37CB0B95}.Debug|x86.Build.0 = Debug|Any CPU
		{A6F0B55D-4434-4EEA-80DE-C10E37CB0B95}.Release|Any CPU.ActiveCfg = Release|Any CPU
		{A6F0B55D-4434-4EEA-80DE-C10E37CB0B95}.Release|Any CPU.Build.0 = Release|Any CPU
		{A6F0B55D-4434-4EEA-80DE-C10E37CB0B95}.Release|x64.ActiveCfg = Release|Any CPU
		{A6F0B55D-4434-4EEA-80DE-C10E37CB0B95}.Release|x64.Build.0 = Release|Any CPU
		{A6F0B55D-4434-4EEA-80DE-C10E37CB0B95}.Release|x86.ActiveCfg = Release|Any CPU
		{A6F0B55D-4434-4EEA-80DE-C10E37CB0B95}.Release|x86.Build.0 = Release|Any CPU
		{3DF6FFA9-8D9A-4E6C-9EB1-2255CB3FCF4C}.Debug|Any CPU.ActiveCfg = Debug|Any CPU
		{3DF6FFA9-8D9A-4E6C-9EB1-2255CB3FCF4C}.Debug|Any CPU.Build.0 = Debug|Any CPU
		{3DF6FFA9-8D9A-4E6C-9EB1-2255CB3FCF4C}.Debug|x64.ActiveCfg = Debug|Any CPU
		{3DF6FFA9-8D9A-4E6C-9EB1-2255CB3FCF4C}.Debug|x64.Build.0 = Debug|Any CPU
		{3DF6FFA9-8D9A-4E6C-9EB1-2255CB3FCF4C}.Debug|x86.ActiveCfg = Debug|Any CPU
		{3DF6FFA9-8D9A-4E6C-9EB1-2255CB3FCF4C}.Debug|x86.Build.0 = Debug|Any CPU
		{3DF6FFA9-8D9A-4E6C-9EB1-2255CB3FCF4C}.Release|Any CPU.ActiveCfg = Release|Any CPU
		{3DF6FFA9-8D9A-4E6C-9EB1-2255CB3FCF4C}.Release|Any CPU.Build.0 = Release|Any CPU
		{3DF6FFA9-8D9A-4E6C-9EB1-2255CB3FCF4C}.Release|x64.ActiveCfg = Release|Any CPU
		{3DF6FFA9-8D9A-4E6C-9EB1-2255CB3FCF4C}.Release|x64.Build.0 = Release|Any CPU
		{3DF6FFA9-8D9A-4E6C-9EB1-2255CB3FCF4C}.Release|x86.ActiveCfg = Release|Any CPU
		{3DF6FFA9-8D9A-4E6C-9EB1-2255CB3FCF4C}.Release|x86.Build.0 = Release|Any CPU
		{AF6FC203-E490-45F1-8B9F-2B7910D6C0C0}.Debug|Any CPU.ActiveCfg = Debug|Any CPU
		{AF6FC203-E490-45F1-8B9F-2B7910D6C0C0}.Debug|Any CPU.Build.0 = Debug|Any CPU
		{AF6FC203-E490-45F1-8B9F-2B7910D6C0C0}.Debug|x64.ActiveCfg = Debug|Any CPU
		{AF6FC203-E490-45F1-8B9F-2B7910D6C0C0}.Debug|x64.Build.0 = Debug|Any CPU
		{AF6FC203-E490-45F1-8B9F-2B7910D6C0C0}.Debug|x86.ActiveCfg = Debug|Any CPU
		{AF6FC203-E490-45F1-8B9F-2B7910D6C0C0}.Debug|x86.Build.0 = Debug|Any CPU
		{AF6FC203-E490-45F1-8B9F-2B7910D6C0C0}.Release|Any CPU.ActiveCfg = Release|Any CPU
		{AF6FC203-E490-45F1-8B9F-2B7910D6C0C0}.Release|Any CPU.Build.0 = Release|Any CPU
		{AF6FC203-E490-45F1-8B9F-2B7910D6C0C0}.Release|x64.ActiveCfg = Release|Any CPU
		{AF6FC203-E490-45F1-8B9F-2B7910D6C0C0}.Release|x64.Build.0 = Release|Any CPU
		{AF6FC203-E490-45F1-8B9F-2B7910D6C0C0}.Release|x86.ActiveCfg = Release|Any CPU
		{AF6FC203-E490-45F1-8B9F-2B7910D6C0C0}.Release|x86.Build.0 = Release|Any CPU
	EndGlobalSection
	GlobalSection(SolutionProperties) = preSolution
		HideSolutionNode = FALSE
	EndGlobalSection
EndGlobal
